
Microsoft Visual Studio Solution File, Format Version 12.00
# Visual Studio Version 17
VisualStudioVersion = 17.5.33424.131
MinimumVisualStudioVersion = 10.0.40219.1
Project("{9A19103F-16F7-4668-BE54-9A1E7A4F7556}") = "XSearch.WebApi", "XSearch.WebApi\XSearch.WebApi.csproj", "{55527F40-5A1B-43C6-BABF-0B6BA4348BB4}"
EndProject
Project("{FAE04EC0-301F-11D3-BF4B-00C04F79EFBC}") = "XSearch.Toolkit", "XSearch.Toolkit\XSearch.Toolkit.csproj", "{7E4D5CF3-82FB-4CB2-9CE1-5B481690F0D3}"
EndProject
Global
	GlobalSection(SolutionConfigurationPlatforms) = preSolution
		Debug|Any CPU = Debug|Any CPU
		Release|Any CPU = Release|Any CPU
	EndGlobalSection
	GlobalSection(ProjectConfigurationPlatforms) = postSolution
		{55527F40-5A1B-43C6-BABF-0B6BA4348BB4}.Debug|Any CPU.ActiveCfg = Debug|Any CPU
		{55527F40-5A1B-43C6-BABF-0B6BA4348BB4}.Debug|Any CPU.Build.0 = Debug|Any CPU
		{55527F40-5A1B-43C6-BABF-0B6BA4348BB4}.Release|Any CPU.ActiveCfg = Release|Any CPU
		{55527F40-5A1B-43C6-BABF-0B6BA4348BB4}.Release|Any CPU.Build.0 = Release|Any CPU
		{7E4D5CF3-82FB-4CB2-9CE1-5B481690F0D3}.Debug|Any CPU.ActiveCfg = Debug|Any CPU
		{7E4D5CF3-82FB-4CB2-9CE1-5B481690F0D3}.Debug|Any CPU.Build.0 = Debug|Any CPU
		{7E4D5CF3-82FB-4CB2-9CE1-5B481690F0D3}.Release|Any CPU.ActiveCfg = Release|Any CPU
		{7E4D5CF3-82FB-4CB2-9CE1-5B481690F0D3}.Release|Any CPU.Build.0 = Release|Any CPU
	EndGlobalSection
	GlobalSection(SolutionProperties) = preSolution
		HideSolutionNode = FALSE
	EndGlobalSection
	GlobalSection(ExtensibilityGlobals) = postSolution
		SolutionGuid = {AE5DCFE3-8F84-428A-9F3D-D99699AC8523}
	EndGlobalSection
EndGlobal
